// !$*UTF8*$!
{
	archiveVersion = 1;
	classes = {
	};
	objectVersion = 48;
	objects = {

/* Begin PBXBuildFile section */
		BFFAA1D01F77B24D007BBED6 /* AppDelegate.swift in Sources */ = {isa = PBXBuildFile; fileRef = BFFAA1CF1F77B24D007BBED6 /* AppDelegate.swift */; };
		BFFAA1D21F77B24D007BBED6 /* ViewController.swift in Sources */ = {isa = PBXBuildFile; fileRef = BFFAA1D11F77B24D007BBED6 /* ViewController.swift */; };
		BFFAA1D51F77B24D007BBED6 /* Main.storyboard in Resources */ = {isa = PBXBuildFile; fileRef = BFFAA1D31F77B24D007BBED6 /* Main.storyboard */; };
		BFFAA1D71F77B24D007BBED6 /* Assets.xcassets in Resources */ = {isa = PBXBuildFile; fileRef = BFFAA1D61F77B24D007BBED6 /* Assets.xcassets */; };
		BFFAA1DA1F77B24D007BBED6 /* LaunchScreen.storyboard in Resources */ = {isa = PBXBuildFile; fileRef = BFFAA1D81F77B24D007BBED6 /* LaunchScreen.storyboard */; };
		BFFAA1E51F77B24D007BBED6 /* TableView_CoreDataTests.swift in Sources */ = {isa = PBXBuildFile; fileRef = BFFAA1E41F77B24D007BBED6 /* TableView_CoreDataTests.swift */; };
		BFFAA1F01F77B24D007BBED6 /* TableView_CoreDataUITests.swift in Sources */ = {isa = PBXBuildFile; fileRef = BFFAA1EF1F77B24D007BBED6 /* TableView_CoreDataUITests.swift */; };
/* End PBXBuildFile section */

/* Begin PBXContainerItemProxy section */
		BFFAA1E11F77B24D007BBED6 /* PBXContainerItemProxy */ = {
			isa = PBXContainerItemProxy;
			containerPortal = BFFAA1C41F77B24D007BBED6 /* Project object */;
			proxyType = 1;
			remoteGlobalIDString = BFFAA1CB1F77B24D007BBED6;
			remoteInfo = "TableView+CoreData";
		};
		BFFAA1EC1F77B24D007BBED6 /* PBXContainerItemProxy */ = {
			isa = PBXContainerItemProxy;
			containerPortal = BFFAA1C41F77B24D007BBED6 /* Project object */;
			proxyType = 1;
			remoteGlobalIDString = BFFAA1CB1F77B24D007BBED6;
			remoteInfo = "TableView+CoreData";
		};
/* End PBXContainerItemProxy section */

/* Begin PBXFileReference section */
		BFFAA1CC1F77B24D007BBED6 /* TableView+CoreData.app */ = {isa = PBXFileReference; explicitFileType = wrapper.application; includeInIndex = 0; path = "TableView+CoreData.app"; sourceTree = BUILT_PRODUCTS_DIR; };
		BFFAA1CF1F77B24D007BBED6 /* AppDelegate.swift */ = {isa = PBXFileReference; lastKnownFileType = sourcecode.swift; path = AppDelegate.swift; sourceTree = "<group>"; };
		BFFAA1D11F77B24D007BBED6 /* ViewController.swift */ = {isa = PBXFileReference; lastKnownFileType = sourcecode.swift; path = ViewController.swift; sourceTree = "<group>"; };
		BFFAA1D41F77B24D007BBED6 /* Base */ = {isa = PBXFileReference; lastKnownFileType = file.storyboard; name = Base; path = Base.lproj/Main.storyboard; sourceTree = "<group>"; };
		BFFAA1D61F77B24D007BBED6 /* Assets.xcassets */ = {isa = PBXFileReference; lastKnownFileType = folder.assetcatalog; path = Assets.xcassets; sourceTree = "<group>"; };
		BFFAA1D91F77B24D007BBED6 /* Base */ = {isa = PBXFileReference; lastKnownFileType = file.storyboard; name = Base; path = Base.lproj/LaunchScreen.storyboard; sourceTree = "<group>"; };
		BFFAA1DB1F77B24D007BBED6 /* Info.plist */ = {isa = PBXFileReference; lastKnownFileType = text.plist.xml; path = Info.plist; sourceTree = "<group>"; };
		BFFAA1E01F77B24D007BBED6 /* TableView+CoreDataTests.xctest */ = {isa = PBXFileReference; explicitFileType = wrapper.cfbundle; includeInIndex = 0; path = "TableView+CoreDataTests.xctest"; sourceTree = BUILT_PRODUCTS_DIR; };
		BFFAA1E41F77B24D007BBED6 /* TableView_CoreDataTests.swift */ = {isa = PBXFileReference; lastKnownFileType = sourcecode.swift; path = TableView_CoreDataTests.swift; sourceTree = "<group>"; };
		BFFAA1E61F77B24D007BBED6 /* Info.plist */ = {isa = PBXFileReference; lastKnownFileType = text.plist.xml; path = Info.plist; sourceTree = "<group>"; };
		BFFAA1EB1F77B24D007BBED6 /* TableView+CoreDataUITests.xctest */ = {isa = PBXFileReference; explicitFileType = wrapper.cfbundle; includeInIndex = 0; path = "TableView+CoreDataUITests.xctest"; sourceTree = BUILT_PRODUCTS_DIR; };
		BFFAA1EF1F77B24D007BBED6 /* TableView_CoreDataUITests.swift */ = {isa = PBXFileReference; lastKnownFileType = sourcecode.swift; path = TableView_CoreDataUITests.swift; sourceTree = "<group>"; };
		BFFAA1F11F77B24D007BBED6 /* Info.plist */ = {isa = PBXFileReference; lastKnownFileType = text.plist.xml; path = Info.plist; sourceTree = "<group>"; };
/* End PBXFileReference section */

/* Begin PBXFrameworksBuildPhase section */
		BFFAA1C91F77B24D007BBED6 /* Frameworks */ = {
			isa = PBXFrameworksBuildPhase;
			buildActionMask = 2147483647;
			files = (
			);
			runOnlyForDeploymentPostprocessing = 0;
		};
		BFFAA1DD1F77B24D007BBED6 /* Frameworks */ = {
			isa = PBXFrameworksBuildPhase;
			buildActionMask = 2147483647;
			files = (
			);
			runOnlyForDeploymentPostprocessing = 0;
		};
		BFFAA1E81F77B24D007BBED6 /* Frameworks */ = {
			isa = PBXFrameworksBuildPhase;
			buildActionMask = 2147483647;
			files = (
			);
			runOnlyForDeploymentPostprocessing = 0;
		};
/* End PBXFrameworksBuildPhase section */

/* Begin PBXGroup section */
		BFFAA1C31F77B24D007BBED6 = {
			isa = PBXGroup;
			children = (
				BFFAA1CE1F77B24D007BBED6 /* TableView+CoreData */,
				BFFAA1E31F77B24D007BBED6 /* TableView+CoreDataTests */,
				BFFAA1EE1F77B24D007BBED6 /* TableView+CoreDataUITests */,
				BFFAA1CD1F77B24D007BBED6 /* Products */,
			);
			sourceTree = "<group>";
		};
		BFFAA1CD1F77B24D007BBED6 /* Products */ = {
			isa = PBXGroup;
			children = (
				BFFAA1CC1F77B24D007BBED6 /* TableView+CoreData.app */,
				BFFAA1E01F77B24D007BBED6 /* TableView+CoreDataTests.xctest */,
				BFFAA1EB1F77B24D007BBED6 /* TableView+CoreDataUITests.xctest */,
			);
			name = Products;
			sourceTree = "<group>";
		};
		BFFAA1CE1F77B24D007BBED6 /* TableView+CoreData */ = {
			isa = PBXGroup;
			children = (
				BFFAA1CF1F77B24D007BBED6 /* AppDelegate.swift */,
				BFFAA1D11F77B24D007BBED6 /* ViewController.swift */,
				BFFAA1D31F77B24D007BBED6 /* Main.storyboard */,
				BFFAA1D61F77B24D007BBED6 /* Assets.xcassets */,
				BFFAA1D81F77B24D007BBED6 /* LaunchScreen.storyboard */,
				BFFAA1DB1F77B24D007BBED6 /* Info.plist */,
			);
			path = "TableView+CoreData";
			sourceTree = "<group>";
		};
		BFFAA1E31F77B24D007BBED6 /* TableView+CoreDataTests */ = {
			isa = PBXGroup;
			children = (
				BFFAA1E41F77B24D007BBED6 /* TableView_CoreDataTests.swift */,
				BFFAA1E61F77B24D007BBED6 /* Info.plist */,
			);
			path = "TableView+CoreDataTests";
			sourceTree = "<group>";
		};
		BFFAA1EE1F77B24D007BBED6 /* TableView+CoreDataUITests */ = {
			isa = PBXGroup;
			children = (
				BFFAA1EF1F77B24D007BBED6 /* TableView_CoreDataUITests.swift */,
				BFFAA1F11F77B24D007BBED6 /* Info.plist */,
			);
			path = "TableView+CoreDataUITests";
			sourceTree = "<group>";
		};
/* End PBXGroup section */

/* Begin PBXNativeTarget section */
		BFFAA1CB1F77B24D007BBED6 /* TableView+CoreData */ = {
			isa = PBXNativeTarget;
			buildConfigurationList = BFFAA1F41F77B24D007BBED6 /* Build configuration list for PBXNativeTarget "TableView+CoreData" */;
			buildPhases = (
				BFFAA1C81F77B24D007BBED6 /* Sources */,
				BFFAA1C91F77B24D007BBED6 /* Frameworks */,
				BFFAA1CA1F77B24D007BBED6 /* Resources */,
			);
			buildRules = (
			);
			dependencies = (
			);
			name = "TableView+CoreData";
			productName = "TableView+CoreData";
			productReference = BFFAA1CC1F77B24D007BBED6 /* TableView+CoreData.app */;
			productType = "com.apple.product-type.application";
		};
		BFFAA1DF1F77B24D007BBED6 /* TableView+CoreDataTests */ = {
			isa = PBXNativeTarget;
			buildConfigurationList = BFFAA1F71F77B24D007BBED6 /* Build configuration list for PBXNativeTarget "TableView+CoreDataTests" */;
			buildPhases = (
				BFFAA1DC1F77B24D007BBED6 /* Sources */,
				BFFAA1DD1F77B24D007BBED6 /* Frameworks */,
				BFFAA1DE1F77B24D007BBED6 /* Resources */,
			);
			buildRules = (
			);
			dependencies = (
				BFFAA1E21F77B24D007BBED6 /* PBXTargetDependency */,
			);
			name = "TableView+CoreDataTests";
			productName = "TableView+CoreDataTests";
			productReference = BFFAA1E01F77B24D007BBED6 /* TableView+CoreDataTests.xctest */;
			productType = "com.apple.product-type.bundle.unit-test";
		};
		BFFAA1EA1F77B24D007BBED6 /* TableView+CoreDataUITests */ = {
			isa = PBXNativeTarget;
			buildConfigurationList = BFFAA1FA1F77B24D007BBED6 /* Build configuration list for PBXNativeTarget "TableView+CoreDataUITests" */;
			buildPhases = (
				BFFAA1E71F77B24D007BBED6 /* Sources */,
				BFFAA1E81F77B24D007BBED6 /* Frameworks */,
				BFFAA1E91F77B24D007BBED6 /* Resources */,
			);
			buildRules = (
			);
			dependencies = (
				BFFAA1ED1F77B24D007BBED6 /* PBXTargetDependency */,
			);
			name = "TableView+CoreDataUITests";
			productName = "TableView+CoreDataUITests";
			productReference = BFFAA1EB1F77B24D007BBED6 /* TableView+CoreDataUITests.xctest */;
			productType = "com.apple.product-type.bundle.ui-testing";
		};
/* End PBXNativeTarget section */

/* Begin PBXProject section */
		BFFAA1C41F77B24D007BBED6 /* Project object */ = {
			isa = PBXProject;
			attributes = {
				LastSwiftUpdateCheck = 0900;
				LastUpgradeCheck = 0900;
				ORGANIZATIONNAME = ssaylanc;
				TargetAttributes = {
					BFFAA1CB1F77B24D007BBED6 = {
						CreatedOnToolsVersion = 9.0;
						ProvisioningStyle = Automatic;
					};
					BFFAA1DF1F77B24D007BBED6 = {
						CreatedOnToolsVersion = 9.0;
						ProvisioningStyle = Automatic;
						TestTargetID = BFFAA1CB1F77B24D007BBED6;
					};
					BFFAA1EA1F77B24D007BBED6 = {
						CreatedOnToolsVersion = 9.0;
						ProvisioningStyle = Automatic;
						TestTargetID = BFFAA1CB1F77B24D007BBED6;
					};
				};
			};
			buildConfigurationList = BFFAA1C71F77B24D007BBED6 /* Build configuration list for PBXProject "TableView+CoreData" */;
			compatibilityVersion = "Xcode 8.0";
			developmentRegion = en;
			hasScannedForEncodings = 0;
			knownRegions = (
				en,
				Base,
			);
			mainGroup = BFFAA1C31F77B24D007BBED6;
			productRefGroup = BFFAA1CD1F77B24D007BBED6 /* Products */;
			projectDirPath = "";
			projectRoot = "";
			targets = (
				BFFAA1CB1F77B24D007BBED6 /* TableView+CoreData */,
				BFFAA1DF1F77B24D007BBED6 /* TableView+CoreDataTests */,
				BFFAA1EA1F77B24D007BBED6 /* TableView+CoreDataUITests */,
			);
		};
/* End PBXProject section */

/* Begin PBXResourcesBuildPhase section */
		BFFAA1CA1F77B24D007BBED6 /* Resources */ = {
			isa = PBXResourcesBuildPhase;
			buildActionMask = 2147483647;
			files = (
				BFFAA1DA1F77B24D007BBED6 /* LaunchScreen.storyboard in Resources */,
				BFFAA1D71F77B24D007BBED6 /* Assets.xcassets in Resources */,
				BFFAA1D51F77B24D007BBED6 /* Main.storyboard in Resources */,
			);
			runOnlyForDeploymentPostprocessing = 0;
		};
		BFFAA1DE1F77B24D007BBED6 /* Resources */ = {
			isa = PBXResourcesBuildPhase;
			buildActionMask = 2147483647;
			files = (
			);
			runOnlyForDeploymentPostprocessing = 0;
		};
		BFFAA1E91F77B24D007BBED6 /* Resources */ = {
			isa = PBXResourcesBuildPhase;
			buildActionMask = 2147483647;
			files = (
			);
			runOnlyForDeploymentPostprocessing = 0;
		};
/* End PBXResourcesBuildPhase section */

/* Begin PBXSourcesBuildPhase section */
		BFFAA1C81F77B24D007BBED6 /* Sources */ = {
			isa = PBXSourcesBuildPhase;
			buildActionMask = 2147483647;
			files = (
				BFFAA1D21F77B24D007BBED6 /* ViewController.swift in Sources */,
				BFFAA1D01F77B24D007BBED6 /* AppDelegate.swift in Sources */,
			);
			runOnlyForDeploymentPostprocessing = 0;
		};
		BFFAA1DC1F77B24D007BBED6 /* Sources */ = {
			isa = PBXSourcesBuildPhase;
			buildActionMask = 2147483647;
			files = (
				BFFAA1E51F77B24D007BBED6 /* TableView_CoreDataTests.swift in Sources */,
			);
			runOnlyForDeploymentPostprocessing = 0;
		};
		BFFAA1E71F77B24D007BBED6 /* Sources */ = {
			isa = PBXSourcesBuildPhase;
			buildActionMask = 2147483647;
			files = (
				BFFAA1F01F77B24D007BBED6 /* TableView_CoreDataUITests.swift in Sources */,
			);
			runOnlyForDeploymentPostprocessing = 0;
		};
/* End PBXSourcesBuildPhase section */

/* Begin PBXTargetDependency section */
		BFFAA1E21F77B24D007BBED6 /* PBXTargetDependency */ = {
			isa = PBXTargetDependency;
			target = BFFAA1CB1F77B24D007BBED6 /* TableView+CoreData */;
			targetProxy = BFFAA1E11F77B24D007BBED6 /* PBXContainerItemProxy */;
		};
		BFFAA1ED1F77B24D007BBED6 /* PBXTargetDependency */ = {
			isa = PBXTargetDependency;
			target = BFFAA1CB1F77B24D007BBED6 /* TableView+CoreData */;
			targetProxy = BFFAA1EC1F77B24D007BBED6 /* PBXContainerItemProxy */;
		};
/* End PBXTargetDependency section */

/* Begin PBXVariantGroup section */
		BFFAA1D31F77B24D007BBED6 /* Main.storyboard */ = {
			isa = PBXVariantGroup;
			children = (
				BFFAA1D41F77B24D007BBED6 /* Base */,
			);
			name = Main.storyboard;
			sourceTree = "<group>";
		};
		BFFAA1D81F77B24D007BBED6 /* LaunchScreen.storyboard */ = {
			isa = PBXVariantGroup;
			children = (
				BFFAA1D91F77B24D007BBED6 /* Base */,
			);
			name = LaunchScreen.storyboard;
			sourceTree = "<group>";
		};
/* End PBXVariantGroup section */

/* Begin XCBuildConfiguration section */
		BFFAA1F21F77B24D007BBED6 /* Debug */ = {
			isa = XCBuildConfiguration;
			buildSettings = {
				ALWAYS_SEARCH_USER_PATHS = NO;
				CLANG_ANALYZER_NONNULL = YES;
				CLANG_ANALYZER_NUMBER_OBJECT_CONVERSION = YES_AGGRESSIVE;
				CLANG_CXX_LANGUAGE_STANDARD = "gnu++14";
				CLANG_CXX_LIBRARY = "libc++";
				CLANG_ENABLE_MODULES = YES;
				CLANG_ENABLE_OBJC_ARC = YES;
				CLANG_WARN_BLOCK_CAPTURE_AUTORELEASING = YES;
				CLANG_WARN_BOOL_CONVERSION = YES;
				CLANG_WARN_COMMA = YES;
				CLANG_WARN_CONSTANT_CONVERSION = YES;
				CLANG_WARN_DIRECT_OBJC_ISA_USAGE = YES_ERROR;
				CLANG_WARN_DOCUMENTATION_COMMENTS = YES;
				CLANG_WARN_EMPTY_BODY = YES;
				CLANG_WARN_ENUM_CONVERSION = YES;
				CLANG_WARN_INFINITE_RECURSION = YES;
				CLANG_WARN_INT_CONVERSION = YES;
				CLANG_WARN_NON_LITERAL_NULL_CONVERSION = YES;
				CLANG_WARN_OBJC_LITERAL_CONVERSION = YES;
				CLANG_WARN_OBJC_ROOT_CLASS = YES_ERROR;
				CLANG_WARN_RANGE_LOOP_ANALYSIS = YES;
				CLANG_WARN_STRICT_PROTOTYPES = YES;
				CLANG_WARN_SUSPICIOUS_MOVE = YES;
				CLANG_WARN_UNGUARDED_AVAILABILITY = YES_AGGRESSIVE;
				CLANG_WARN_UNREACHABLE_CODE = YES;
				CLANG_WARN__DUPLICATE_METHOD_MATCH = YES;
				CODE_SIGN_IDENTITY = "iPhone Developer";
				COPY_PHASE_STRIP = NO;
				DEBUG_INFORMATION_FORMAT = dwarf;
				ENABLE_STRICT_OBJC_MSGSEND = YES;
				ENABLE_TESTABILITY = YES;
				GCC_C_LANGUAGE_STANDARD = gnu11;
				GCC_DYNAMIC_NO_PIC = NO;
				GCC_NO_COMMON_BLOCKS = YES;
				GCC_OPTIMIZATION_LEVEL = 0;
				GCC_PREPROCESSOR_DEFINITIONS = (
					"DEBUG=1",
					"$(inherited)",
				);
				GCC_WARN_64_TO_32_BIT_CONVERSION = YES;
				GCC_WARN_ABOUT_RETURN_TYPE = YES_ERROR;
				GCC_WARN_UNDECLARED_SELECTOR = YES;
				GCC_WARN_UNINITIALIZED_AUTOS = YES_AGGRESSIVE;
				GCC_WARN_UNUSED_FUNCTION = YES;
				GCC_WARN_UNUSED_VARIABLE = YES;
				IPHONEOS_DEPLOYMENT_TARGET = 11.0;
				MTL_ENABLE_DEBUG_INFO = YES;
				ONLY_ACTIVE_ARCH = YES;
				SDKROOT = iphoneos;
				SWIFT_ACTIVE_COMPILATION_CONDITIONS = DEBUG;
				SWIFT_OPTIMIZATION_LEVEL = "-Onone";
			};
			name = Debug;
		};
		BFFAA1F31F77B24D007BBED6 /* Release */ = {
			isa = XCBuildConfiguration;
			buildSettings = {
				ALWAYS_SEARCH_USER_PATHS = NO;
				CLANG_ANALYZER_NONNULL = YES;
				CLANG_ANALYZER_NUMBER_OBJECT_CONVERSION = YES_AGGRESSIVE;
				CLANG_CXX_LANGUAGE_STANDARD = "gnu++14";
				CLANG_CXX_LIBRARY = "libc++";
				CLANG_ENABLE_MODULES = YES;
				CLANG_ENABLE_OBJC_ARC = YES;
				CLANG_WARN_BLOCK_CAPTURE_AUTORELEASING = YES;
				CLANG_WARN_BOOL_CONVERSION = YES;
				CLANG_WARN_COMMA = YES;
				CLANG_WARN_CONSTANT_CONVERSION = YES;
				CLANG_WARN_DIRECT_OBJC_ISA_USAGE = YES_ERROR;
				CLANG_WARN_DOCUMENTATION_COMMENTS = YES;
				CLANG_WARN_EMPTY_BODY = YES;
				CLANG_WARN_ENUM_CONVERSION = YES;
				CLANG_WARN_INFINITE_RECURSION = YES;
				CLANG_WARN_INT_CONVERSION = YES;
				CLANG_WARN_NON_LITERAL_NULL_CONVERSION = YES;
				CLANG_WARN_OBJC_LITERAL_CONVERSION = YES;
				CLANG_WARN_OBJC_ROOT_CLASS = YES_ERROR;
				CLANG_WARN_RANGE_LOOP_ANALYSIS = YES;
				CLANG_WARN_STRICT_PROTOTYPES = YES;
				CLANG_WARN_SUSPICIOUS_MOVE = YES;
				CLANG_WARN_UNGUARDED_AVAILABILITY = YES_AGGRESSIVE;
				CLANG_WARN_UNREACHABLE_CODE = YES;
				CLANG_WARN__DUPLICATE_METHOD_MATCH = YES;
				CODE_SIGN_IDENTITY = "iPhone Developer";
				COPY_PHASE_STRIP = NO;
				DEBUG_INFORMATION_FORMAT = "dwarf-with-dsym";
				ENABLE_NS_ASSERTIONS = NO;
				ENABLE_STRICT_OBJC_MSGSEND = YES;
				GCC_C_LANGUAGE_STANDARD = gnu11;
				GCC_NO_COMMON_BLOCKS = YES;
				GCC_WARN_64_TO_32_BIT_CONVERSION = YES;
				GCC_WARN_ABOUT_RETURN_TYPE = YES_ERROR;
				GCC_WARN_UNDECLARED_SELECTOR = YES;
				GCC_WARN_UNINITIALIZED_AUTOS = YES_AGGRESSIVE;
				GCC_WARN_UNUSED_FUNCTION = YES;
				GCC_WARN_UNUSED_VARIABLE = YES;
				IPHONEOS_DEPLOYMENT_TARGET = 11.0;
				MTL_ENABLE_DEBUG_INFO = NO;
				SDKROOT = iphoneos;
				SWIFT_OPTIMIZATION_LEVEL = "-Owholemodule";
				VALIDATE_PRODUCT = YES;
			};
			name = Release;
		};
		BFFAA1F51F77B24D007BBED6 /* Debug */ = {
			isa = XCBuildConfiguration;
			buildSettings = {
				ASSETCATALOG_COMPILER_APPICON_NAME = AppIcon;
				CODE_SIGN_STYLE = Automatic;
				DEVELOPMENT_TEAM = 2F9F7QBSYE;
				INFOPLIST_FILE = "TableView+CoreData/Info.plist";
				LD_RUNPATH_SEARCH_PATHS = "$(inherited) @executable_path/Frameworks";
				PRODUCT_BUNDLE_IDENTIFIER = "ssaylanc.TableView-CoreData";
				PRODUCT_NAME = "$(TARGET_NAME)";
				SWIFT_VERSION = 4.0;
				TARGETED_DEVICE_FAMILY = "1,2";
			};
			name = Debug;
		};
		BFFAA1F61F77B24D007BBED6 /* Release */ = {
			isa = XCBuildConfiguration;
			buildSettings = {
				ASSETCATALOG_COMPILER_APPICON_NAME = AppIcon;
				CODE_SIGN_STYLE = Automatic;
				DEVELOPMENT_TEAM = 2F9F7QBSYE;
				INFOPLIST_FILE = "TableView+CoreData/Info.plist";
				LD_RUNPATH_SEARCH_PATHS = "$(inherited) @executable_path/Frameworks";
				PRODUCT_BUNDLE_IDENTIFIER = "ssaylanc.TableView-CoreData";
				PRODUCT_NAME = "$(TARGET_NAME)";
				SWIFT_VERSION = 4.0;
				TARGETED_DEVICE_FAMILY = "1,2";
			};
			name = Release;
		};
		BFFAA1F81F77B24D007BBED6 /* Debug */ = {
			isa = XCBuildConfiguration;
			buildSettings = {
				ALWAYS_EMBED_SWIFT_STANDARD_LIBRARIES = YES;
				BUNDLE_LOADER = "$(TEST_HOST)";
				CODE_SIGN_STYLE = Automatic;
				DEVELOPMENT_TEAM = 2F9F7QBSYE;
				INFOPLIST_FILE = "TableView+CoreDataTests/Info.plist";
				LD_RUNPATH_SEARCH_PATHS = "$(inherited) @executable_path/Frameworks @loader_path/Frameworks";
				PRODUCT_BUNDLE_IDENTIFIER = "ssaylanc.TableView-CoreDataTests";
				PRODUCT_NAME = "$(TARGET_NAME)";
				SWIFT_VERSION = 4.0;
				TARGETED_DEVICE_FAMILY = "1,2";
				TEST_HOST = "$(BUILT_PRODUCTS_DIR)/TableView+CoreData.app/TableView+CoreData";
			};
			name = Debug;
		};
		BFFAA1F91F77B24D007BBED6 /* Release */ = {
			isa = XCBuildConfiguration;
			buildSettings = {
				ALWAYS_EMBED_SWIFT_STANDARD_LIBRARIES = YES;
				BUNDLE_LOADER = "$(TEST_HOST)";
				CODE_SIGN_STYLE = Automatic;
				DEVELOPMENT_TEAM = 2F9F7QBSYE;
				INFOPLIST_FILE = "TableView+CoreDataTests/Info.plist";
				LD_RUNPATH_SEARCH_PATHS = "$(inherited) @executable_path/Frameworks @loader_path/Frameworks";
				PRODUCT_BUNDLE_IDENTIFIER = "ssaylanc.TableView-CoreDataTests";
				PRODUCT_NAME = "$(TARGET_NAME)";
				SWIFT_VERSION = 4.0;
				TARGETED_DEVICE_FAMILY = "1,2";
				TEST_HOST = "$(BUILT_PRODUCTS_DIR)/TableView+CoreData.app/TableView+CoreData";
			};
			name = Release;
		};
		BFFAA1FB1F77B24D007BBED6 /* Debug */ = {
			isa = XCBuildConfiguration;
			buildSettings = {
				ALWAYS_EMBED_SWIFT_STANDARD_LIBRARIES = YES;
				CODE_SIGN_STYLE = Automatic;
				DEVELOPMENT_TEAM = 2F9F7QBSYE;
				INFOPLIST_FILE = "TableView+CoreDataUITests/Info.plist";
				LD_RUNPATH_SEARCH_PATHS = "$(inherited) @executable_path/Frameworks @loader_path/Frameworks";
				PRODUCT_BUNDLE_IDENTIFIER = "ssaylanc.TableView-CoreDataUITests";
				PRODUCT_NAME = "$(TARGET_NAME)";
				SWIFT_VERSION = 4.0;
				TARGETED_DEVICE_FAMILY = "1,2";
				TEST_TARGET_NAME = "TableView+CoreData";
			};
			name = Debug;
		};
		BFFAA1FC1F77B24D007BBED6 /* Release */ = {
			isa = XCBuildConfiguration;
			buildSettings = {
				ALWAYS_EMBED_SWIFT_STANDARD_LIBRARIES = YES;
				CODE_SIGN_STYLE = Automatic;
				DEVELOPMENT_TEAM = 2F9F7QBSYE;
				INFOPLIST_FILE = "TableView+CoreDataUITests/Info.plist";
				LD_RUNPATH_SEARCH_PATHS = "$(inherited) @executable_path/Frameworks @loader_path/Frameworks";
				PRODUCT_BUNDLE_IDENTIFIER = "ssaylanc.TableView-CoreDataUITests";
				PRODUCT_NAME = "$(TARGET_NAME)";
				SWIFT_VERSION = 4.0;
				TARGETED_DEVICE_FAMILY = "1,2";
				TEST_TARGET_NAME = "TableView+CoreData";
			};
			name = Release;
		};
/* End XCBuildConfiguration section */

/* Begin XCConfigurationList section */
		BFFAA1C71F77B24D007BBED6 /* Build configuration list for PBXProject "TableView+CoreData" */ = {
			isa = XCConfigurationList;
			buildConfigurations = (
				BFFAA1F21F77B24D007BBED6 /* Debug */,
				BFFAA1F31F77B24D007BBED6 /* Release */,
			);
			defaultConfigurationIsVisible = 0;
			defaultConfigurationName = Release;
		};
		BFFAA1F41F77B24D007BBED6 /* Build configuration list for PBXNativeTarget "TableView+CoreData" */ = {
			isa = XCConfigurationList;
			buildConfigurations = (
				BFFAA1F51F77B24D007BBED6 /* Debug */,
				BFFAA1F61F77B24D007BBED6 /* Release */,
			);
			defaultConfigurationIsVisible = 0;
			defaultConfigurationName = Release;
		};
		BFFAA1F71F77B24D007BBED6 /* Build configuration list for PBXNativeTarget "TableView+CoreDataTests" */ = {
			isa = XCConfigurationList;
			buildConfigurations = (
				BFFAA1F81F77B24D007BBED6 /* Debug */,
				BFFAA1F91F77B24D007BBED6 /* Release */,
			);
			defaultConfigurationIsVisible = 0;
			defaultConfigurationName = Release;
		};
		BFFAA1FA1F77B24D007BBED6 /* Build configuration list for PBXNativeTarget "TableView+CoreDataUITests" */ = {
			isa = XCConfigurationList;
			buildConfigurations = (
				BFFAA1FB1F77B24D007BBED6 /* Debug */,
				BFFAA1FC1F77B24D007BBED6 /* Release */,
			);
			defaultConfigurationIsVisible = 0;
			defaultConfigurationName = Release;
		};
/* End XCConfigurationList section */
	};
	rootObject = BFFAA1C41F77B24D007BBED6 /* Project object */;
}
